
Microsoft Visual Studio Solution File, Format Version 12.00
# Visual Studio Version 17
VisualStudioVersion = 17.9.34701.34
MinimumVisualStudioVersion = 10.0.40219.1
Project("{9A19103F-16F7-4668-BE54-9A1E7A4F7556}") = "web-api-nilvera", "WebAPI_Nilvera\web-api-nilvera.csproj", "{5618CE26-96FA-4911-9B62-231B7DCD4D8D}"
EndProject
Project("{9A19103F-16F7-4668-BE54-9A1E7A4F7556}") = "Domain", "Entities\Domain.csproj", "{B4010157-94F6-48FD-9BA0-E4C6344B9935}"
EndProject
Project("{9A19103F-16F7-4668-BE54-9A1E7A4F7556}") = "Infrastructure", "DataAccess\Infrastructure.csproj", "{2E253DDB-30E8-4B0E-81F9-D54420C2657C}"
EndProject
Project("{9A19103F-16F7-4668-BE54-9A1E7A4F7556}") = "Application", "Business\Application.csproj", "{857BF015-05F0-4753-AF8A-6B30200FD927}"
EndProject
Global
	GlobalSection(SolutionConfigurationPlatforms) = preSolution
		Debug|Any CPU = Debug|Any CPU
		Release|Any CPU = Release|Any CPU
	EndGlobalSection
	GlobalSection(ProjectConfigurationPlatforms) = postSolution
		{5618CE26-96FA-4911-9B62-231B7DCD4D8D}.Debug|Any CPU.ActiveCfg = Debug|Any CPU
		{5618CE26-96FA-4911-9B62-231B7DCD4D8D}.Debug|Any CPU.Build.0 = Debug|Any CPU
		{5618CE26-96FA-4911-9B62-231B7DCD4D8D}.Release|Any CPU.ActiveCfg = Release|Any CPU
		{5618CE26-96FA-4911-9B62-231B7DCD4D8D}.Release|Any CPU.Build.0 = Release|Any CPU
		{B4010157-94F6-48FD-9BA0-E4C6344B9935}.Debug|Any CPU.ActiveCfg = Debug|Any CPU
		{B4010157-94F6-48FD-9BA0-E4C6344B9935}.Debug|Any CPU.Build.0 = Debug|Any CPU
		{B4010157-94F6-48FD-9BA0-E4C6344B9935}.Release|Any CPU.ActiveCfg = Release|Any CPU
		{B4010157-94F6-48FD-9BA0-E4C6344B9935}.Release|Any CPU.Build.0 = Release|Any CPU
		{2E253DDB-30E8-4B0E-81F9-D54420C2657C}.Debug|Any CPU.ActiveCfg = Debug|Any CPU
		{2E253DDB-30E8-4B0E-81F9-D54420C2657C}.Debug|Any CPU.Build.0 = Debug|Any CPU
		{2E253DDB-30E8-4B0E-81F9-D54420C2657C}.Release|Any CPU.ActiveCfg = Release|Any CPU
		{2E253DDB-30E8-4B0E-81F9-D54420C2657C}.Release|Any CPU.Build.0 = Release|Any CPU
		{857BF015-05F0-4753-AF8A-6B30200FD927}.Debug|Any CPU.ActiveCfg = Debug|Any CPU
		{857BF015-05F0-4753-AF8A-6B30200FD927}.Debug|Any CPU.Build.0 = Debug|Any CPU
		{857BF015-05F0-4753-AF8A-6B30200FD927}.Release|Any CPU.ActiveCfg = Release|Any CPU
		{857BF015-05F0-4753-AF8A-6B30200FD927}.Release|Any CPU.Build.0 = Release|Any CPU
	EndGlobalSection
	GlobalSection(SolutionProperties) = preSolution
		HideSolutionNode = FALSE
	EndGlobalSection
	GlobalSection(ExtensibilityGlobals) = postSolution
		SolutionGuid = {ACD3425E-CD8A-4FFF-B42A-A3E4A2DB0B45}
	EndGlobalSection
EndGlobal
